
Microsoft Visual Studio Solution File, Format Version 12.00
# Visual Studio 2012
Project("{FAE04EC0-301F-11D3-BF4B-00C04F79EFBC}") = "TiendaAlmacen", "TiendaAlmacen\TiendaAlmacen.csproj", "{480F9B90-0239-4C49-895F-A422FA024EBC}"
EndProject
Project("{FAE04EC0-301F-11D3-BF4B-00C04F79EFBC}") = "DAL", "DAL\DAL.csproj", "{BE1E8B88-45BA-484D-B00E-751F33E3DB8E}"
EndProject
Project("{FAE04EC0-301F-11D3-BF4B-00C04F79EFBC}") = "BRL", "BRL\BRL.csproj", "{6330245F-047B-4F70-92D4-A8A9F50EB008}"
EndProject
Global
	GlobalSection(SolutionConfigurationPlatforms) = preSolution
		Debug|Any CPU = Debug|Any CPU
		Release|Any CPU = Release|Any CPU
	EndGlobalSection
	GlobalSection(ProjectConfigurationPlatforms) = postSolution
		{480F9B90-0239-4C49-895F-A422FA024EBC}.Debug|Any CPU.ActiveCfg = Debug|Any CPU
		{480F9B90-0239-4C49-895F-A422FA024EBC}.Debug|Any CPU.Build.0 = Debug|Any CPU
		{480F9B90-0239-4C49-895F-A422FA024EBC}.Release|Any CPU.ActiveCfg = Release|Any CPU
		{480F9B90-0239-4C49-895F-A422FA024EBC}.Release|Any CPU.Build.0 = Release|Any CPU
		{BE1E8B88-45BA-484D-B00E-751F33E3DB8E}.Debug|Any CPU.ActiveCfg = Debug|Any CPU
		{BE1E8B88-45BA-484D-B00E-751F33E3DB8E}.Debug|Any CPU.Build.0 = Debug|Any CPU
		{BE1E8B88-45BA-484D-B00E-751F33E3DB8E}.Release|Any CPU.ActiveCfg = Release|Any CPU
		{BE1E8B88-45BA-484D-B00E-751F33E3DB8E}.Release|Any CPU.Build.0 = Release|Any CPU
		{6330245F-047B-4F70-92D4-A8A9F50EB008}.Debug|Any CPU.ActiveCfg = Debug|Any CPU
		{6330245F-047B-4F70-92D4-A8A9F50EB008}.Debug|Any CPU.Build.0 = Debug|Any CPU
		{6330245F-047B-4F70-92D4-A8A9F50EB008}.Release|Any CPU.ActiveCfg = Release|Any CPU
		{6330245F-047B-4F70-92D4-A8A9F50EB008}.Release|Any CPU.Build.0 = Release|Any CPU
	EndGlobalSection
	GlobalSection(SolutionProperties) = preSolution
		HideSolutionNode = FALSE
	EndGlobalSection
EndGlobal
